
Microsoft Visual Studio Solution File, Format Version 12.00
# Visual Studio Version 17
VisualStudioVersion = 17.1.32319.34
MinimumVisualStudioVersion = 10.0.40219.1
Project("{9A19103F-16F7-4668-BE54-9A1E7A4F7556}") = "ConsoleApp2", "ConsoleApp2\ConsoleApp2.csproj", "{D39F0790-6755-4A4C-9921-6D78BF1884AE}"
EndProject
Global
	GlobalSection(SolutionConfigurationPlatforms) = preSolution
		Debug|Any CPU = Debug|Any CPU
		Release|Any CPU = Release|Any CPU
	EndGlobalSection
	GlobalSection(ProjectConfigurationPlatforms) = postSolution
		{D39F0790-6755-4A4C-9921-6D78BF1884AE}.Debug|Any CPU.ActiveCfg = Debug|Any CPU
		{D39F0790-6755-4A4C-9921-6D78BF1884AE}.Debug|Any CPU.Build.0 = Debug|Any CPU
		{D39F0790-6755-4A4C-9921-6D78BF1884AE}.Release|Any CPU.ActiveCfg = Release|Any CPU
		{D39F0790-6755-4A4C-9921-6D78BF1884AE}.Release|Any CPU.Build.0 = Release|Any CPU
	EndGlobalSection
	GlobalSection(SolutionProperties) = preSolution
		HideSolutionNode = FALSE
	EndGlobalSection
	GlobalSection(ExtensibilityGlobals) = postSolution
		SolutionGuid = {C28445E2-3F33-443C-8BF4-40E52D88D73E}
	EndGlobalSection
EndGlobal
